// !$*UTF8*$!
{
	archiveVersion = 1;
	classes = {
	};
	objectVersion = 46;
	objects = {

/* Begin PBXBuildFile section */
		02BDE9C146CB271D73775985 /* App */ = {isa = PBXBuildFile; fileRef = 97E08DC87C54201812357100; };
		045E7A9C6C25D3289965AE4D /* DJAudioPlayer.cpp */ = {isa = PBXBuildFile; fileRef = D3DACD054746E83C8A9F155D; };
		0C71FA800C81D8EF1891E7BD /* DiscRecording.framework */ = {isa = PBXBuildFile; fileRef = CA3E299FF8F987EDC92AAEAF; };
		1B1D33842FCEDC060D0035CE /* CoreMIDI.framework */ = {isa = PBXBuildFile; fileRef = 4E28CEDC279CF6CB792D054A; };
		2A8486B41F95331376D4B012 /* DeckGUI.cpp */ = {isa = PBXBuildFile; fileRef = E1437B03981457FDAA0263CD; };
		2C63267EA71DF1C0F233161E /* CoreAudioKit.framework */ = {isa = PBXBuildFile; fileRef = 040568F7C207C68B73175FE2; };
		41FD4E854C63B933B19FEEFA /* Main.cpp */ = {isa = PBXBuildFile; fileRef = 41621202EB814893F8BA708F; };
		4421A12C932DF167C1F715D3 /* include_juce_core.mm */ = {isa = PBXBuildFile; fileRef = 11409E9520C0368FBC8161B6; };
		4893137292AA2B5766C7365F /* include_juce_audio_basics.mm */ = {isa = PBXBuildFile; fileRef = CE0EAA89B888F47C2153957F; };
		51A3348E57BB7942A05EB54D /* include_juce_events.mm */ = {isa = PBXBuildFile; fileRef = 1B8EDB9E416FAEE4CF4CE704; };
		5270516286CBB45DE5A805E6 /* Cocoa.framework */ = {isa = PBXBuildFile; fileRef = 658A8DD8B9EC4D3289916A78; };
		584A65EE5017615484A76E62 /* Accelerate.framework */ = {isa = PBXBuildFile; fileRef = D65567E3B8B8CEBD01538521; };
		5C8FC22006B8A126127E7484 /* WebKit.framework */ = {isa = PBXBuildFile; fileRef = 8F188C5EF85095BB378C92D5; };
		662DAAB42BBD36A8CA5B389D /* include_juce_audio_devices.mm */ = {isa = PBXBuildFile; fileRef = 4325BC0D286907D96F16DCCC; };
		6DB9EB5731536D8AFA72D078 /* include_juce_data_structures.mm */ = {isa = PBXBuildFile; fileRef = FF603DCED6213404EBA98129; };
		7322D5C2B2909B76F93F59C1 /* include_juce_audio_utils.mm */ = {isa = PBXBuildFile; fileRef = AE0C843A50A1B10EAB1363E5; };
		749CFDF3F7F0B30C5AC3184E /* CoreAudio.framework */ = {isa = PBXBuildFile; fileRef = 035F2690811F871023CE471D; };
		770141C0B0E8808D3F960CB5 /* QuartzCore.framework */ = {isa = PBXBuildFile; fileRef = 8D9A128735BE58CBC5A96F11; };
		7EE0CD9F7C009A28D45ABF40 /* WaveformDisplay.cpp */ = {isa = PBXBuildFile; fileRef = B8DF2B3E0A442889CD428156; };
		849805FB912A8773DAD27D07 /* include_juce_gui_extra.mm */ = {isa = PBXBuildFile; fileRef = 96EBAD2E5356B0B22E0489EE; };
		85510AD6611AA344FE58168A /* include_juce_gui_basics.mm */ = {isa = PBXBuildFile; fileRef = AEFAD71E779B5E61386BCD70; };
		9708E663756D86BDB85C6479 /* IOKit.framework */ = {isa = PBXBuildFile; fileRef = 7EC40BA18C50EA5483D5B124; };
		BC2237E53B721B0AF28D5217 /* MainComponent.cpp */ = {isa = PBXBuildFile; fileRef = A9333322D8BBF2F27ABBBE14; };
		C54A631A5FCC1C5E2441D2DB /* RecentFilesMenuTemplate.nib */ = {isa = PBXBuildFile; fileRef = BC43D4B583918DDC652DEB7B; };
		C65BAB99812CAA66C6BAF411 /* include_juce_audio_processors.mm */ = {isa = PBXBuildFile; fileRef = 14168737971092A2562493C4; };
		C6DDC9CCC59DFAC2E756F05D /* include_juce_graphics.mm */ = {isa = PBXBuildFile; fileRef = 695CEB863F52D7C5CFDE2858; };
		C8A398EB8D1ED3919F1A56AD /* Carbon.framework */ = {isa = PBXBuildFile; fileRef = C7E354CDB2EE36298BC477F5; };
		C9DDAB075EBB884AFDAA7011 /* Foundation.framework */ = {isa = PBXBuildFile; fileRef = 078859DB59A1195CE79C5E0E; };
		E11352CF8001946BFCDD5FDA /* include_juce_audio_formats.mm */ = {isa = PBXBuildFile; fileRef = 6649C385DEB89E15D2B4896A; };
		E58F10BC6D378F55D80E9C5D /* AudioToolbox.framework */ = {isa = PBXBuildFile; fileRef = A2971EB859C6B5E555581B6D; };
/* End PBXBuildFile section */

/* Begin PBXFileReference section */
		035F2690811F871023CE471D /* CoreAudio.framework */ /* CoreAudio.framework */ = {isa = PBXFileReference; lastKnownFileType = wrapper.framework; name = CoreAudio.framework; path = System/Library/Frameworks/CoreAudio.framework; sourceTree = SDKROOT; };
		040568F7C207C68B73175FE2 /* CoreAudioKit.framework */ /* CoreAudioKit.framework */ = {isa = PBXFileReference; lastKnownFileType = wrapper.framework; name = CoreAudioKit.framework; path = System/Library/Frameworks/CoreAudioKit.framework; sourceTree = SDKROOT; };
		078859DB59A1195CE79C5E0E /* Foundation.framework */ /* Foundation.framework */ = {isa = PBXFileReference; lastKnownFileType = wrapper.framework; name = Foundation.framework; path = System/Library/Frameworks/Foundation.framework; sourceTree = SDKROOT; };
		11409E9520C0368FBC8161B6 /* include_juce_core.mm */ /* include_juce_core.mm */ = {isa = PBXFileReference; lastKnownFileType = sourcecode.cpp.objcpp; name = include_juce_core.mm; path = ../../JuceLibraryCode/include_juce_core.mm; sourceTree = SOURCE_ROOT; };
		14168737971092A2562493C4 /* include_juce_audio_processors.mm */ /* include_juce_audio_processors.mm */ = {isa = PBXFileReference; lastKnownFileType = sourcecode.cpp.objcpp; name = include_juce_audio_processors.mm; path = ../../JuceLibraryCode/include_juce_audio_processors.mm; sourceTree = SOURCE_ROOT; };
		1B8EDB9E416FAEE4CF4CE704 /* include_juce_events.mm */ /* include_juce_events.mm */ = {isa = PBXFileReference; lastKnownFileType = sourcecode.cpp.objcpp; name = include_juce_events.mm; path = ../../JuceLibraryCode/include_juce_events.mm; sourceTree = SOURCE_ROOT; };
		2B0D1EFC0462780CC6381FA3 /* juce_core */ /* juce_core */ = {isa = PBXFileReference; lastKnownFileType = folder; name = juce_core; path = /Users/Tamer/Desktop/JUCE/modules/juce_core; sourceTree = "<absolute>"; };
		2B9D55DE382A90E8C6953C2F /* DeckGUI.h */ /* DeckGUI.h */ = {isa = PBXFileReference; lastKnownFileType = sourcecode.c.h; name = DeckGUI.h; path = ../../Source/DeckGUI.h; sourceTree = SOURCE_ROOT; };
		41621202EB814893F8BA708F /* Main.cpp */ /* Main.cpp */ = {isa = PBXFileReference; lastKnownFileType = sourcecode.cpp.cpp; name = Main.cpp; path = ../../Source/Main.cpp; sourceTree = SOURCE_ROOT; };
		421CDD5E9D37995D6B0629CC /* juce_events */ /* juce_events */ = {isa = PBXFileReference; lastKnownFileType = folder; name = juce_events; path = /Users/Tamer/Desktop/JUCE/modules/juce_events; sourceTree = "<absolute>"; };
		4325BC0D286907D96F16DCCC /* include_juce_audio_devices.mm */ /* include_juce_audio_devices.mm */ = {isa = PBXFileReference; lastKnownFileType = sourcecode.cpp.objcpp; name = include_juce_audio_devices.mm; path = ../../JuceLibraryCode/include_juce_audio_devices.mm; sourceTree = SOURCE_ROOT; };
		4E28CEDC279CF6CB792D054A /* CoreMIDI.framework */ /* CoreMIDI.framework */ = {isa = PBXFileReference; lastKnownFileType = wrapper.framework; name = CoreMIDI.framework; path = System/Library/Frameworks/CoreMIDI.framework; sourceTree = SDKROOT; };
		53BEB637766F488200E3C48A /* juce_audio_devices */ /* juce_audio_devices */ = {isa = PBXFileReference; lastKnownFileType = folder; name = juce_audio_devices; path = /Users/Tamer/Desktop/JUCE/modules/juce_audio_devices; sourceTree = "<absolute>"; };
		5C7B3032478A94D37481A00F /* Info-App.plist */ /* Info-App.plist */ = {isa = PBXFileReference; lastKnownFileType = text.plist.xml; name = "Info-App.plist"; path = "Info-App.plist"; sourceTree = SOURCE_ROOT; };
		626820EEE99A20F7CD823319 /* juce_gui_basics */ /* juce_gui_basics */ = {isa = PBXFileReference; lastKnownFileType = folder; name = juce_gui_basics; path = /Users/Tamer/Desktop/JUCE/modules/juce_gui_basics; sourceTree = "<absolute>"; };
		658A8DD8B9EC4D3289916A78 /* Cocoa.framework */ /* Cocoa.framework */ = {isa = PBXFileReference; lastKnownFileType = wrapper.framework; name = Cocoa.framework; path = System/Library/Frameworks/Cocoa.framework; sourceTree = SDKROOT; };
		6649C385DEB89E15D2B4896A /* include_juce_audio_formats.mm */ /* include_juce_audio_formats.mm */ = {isa = PBXFileReference; lastKnownFileType = sourcecode.cpp.objcpp; name = include_juce_audio_formats.mm; path = ../../JuceLibraryCode/include_juce_audio_formats.mm; sourceTree = SOURCE_ROOT; };
		695CEB863F52D7C5CFDE2858 /* include_juce_graphics.mm */ /* include_juce_graphics.mm */ = {isa = PBXFileReference; lastKnownFileType = sourcecode.cpp.objcpp; name = include_juce_graphics.mm; path = ../../JuceLibraryCode/include_juce_graphics.mm; sourceTree = SOURCE_ROOT; };
		72234D11054DED67ED8A1D5F /* JuceHeader.h */ /* JuceHeader.h */ = {isa = PBXFileReference; lastKnownFileType = sourcecode.c.h; name = JuceHeader.h; path = ../../JuceLibraryCode/JuceHeader.h; sourceTree = SOURCE_ROOT; };
		7EC40BA18C50EA5483D5B124 /* IOKit.framework */ /* IOKit.framework */ = {isa = PBXFileReference; lastKnownFileType = wrapper.framework; name = IOKit.framework; path = System/Library/Frameworks/IOKit.framework; sourceTree = SDKROOT; };
		88FF1B034B0E7E02D9D54D2F /* MainComponent.h */ /* MainComponent.h */ = {isa = PBXFileReference; lastKnownFileType = sourcecode.c.h; name = MainComponent.h; path = ../../Source/MainComponent.h; sourceTree = SOURCE_ROOT; };
		8D9A128735BE58CBC5A96F11 /* QuartzCore.framework */ /* QuartzCore.framework */ = {isa = PBXFileReference; lastKnownFileType = wrapper.framework; name = QuartzCore.framework; path = System/Library/Frameworks/QuartzCore.framework; sourceTree = SDKROOT; };
		8F188C5EF85095BB378C92D5 /* WebKit.framework */ /* WebKit.framework */ = {isa = PBXFileReference; lastKnownFileType = wrapper.framework; name = WebKit.framework; path = System/Library/Frameworks/WebKit.framework; sourceTree = SDKROOT; };
		8FB3B96A712E9F6901730CD8 /* juce_gui_extra */ /* juce_gui_extra */ = {isa = PBXFileReference; lastKnownFileType = folder; name = juce_gui_extra; path = /Users/Tamer/Desktop/JUCE/modules/juce_gui_extra; sourceTree = "<absolute>"; };
		96EBAD2E5356B0B22E0489EE /* include_juce_gui_extra.mm */ /* include_juce_gui_extra.mm */ = {isa = PBXFileReference; lastKnownFileType = sourcecode.cpp.objcpp; name = include_juce_gui_extra.mm; path = ../../JuceLibraryCode/include_juce_gui_extra.mm; sourceTree = SOURCE_ROOT; };
		97E08DC87C54201812357100 /* App */ = {isa = PBXFileReference; explicitFileType = wrapper.application; includeInIndex = 0; path = OtoDecks.app; sourceTree = BUILT_PRODUCTS_DIR; };
		A2971EB859C6B5E555581B6D /* AudioToolbox.framework */ /* AudioToolbox.framework */ = {isa = PBXFileReference; lastKnownFileType = wrapper.framework; name = AudioToolbox.framework; path = System/Library/Frameworks/AudioToolbox.framework; sourceTree = SDKROOT; };
		A9333322D8BBF2F27ABBBE14 /* MainComponent.cpp */ /* MainComponent.cpp */ = {isa = PBXFileReference; lastKnownFileType = sourcecode.cpp.cpp; name = MainComponent.cpp; path = ../../Source/MainComponent.cpp; sourceTree = SOURCE_ROOT; };
		AA6BCD42F9119C5F014625FA /* juce_audio_processors */ /* juce_audio_processors */ = {isa = PBXFileReference; lastKnownFileType = folder; name = juce_audio_processors; path = /Users/Tamer/Desktop/JUCE/modules/juce_audio_processors; sourceTree = "<absolute>"; };
		AD7D90F077FB0D760AD2B7E3 /* WaveformDisplay.h */ /* WaveformDisplay.h */ = {isa = PBXFileReference; lastKnownFileType = sourcecode.c.h; name = WaveformDisplay.h; path = ../../Source/WaveformDisplay.h; sourceTree = SOURCE_ROOT; };
		AE0C843A50A1B10EAB1363E5 /* include_juce_audio_utils.mm */ /* include_juce_audio_utils.mm */ = {isa = PBXFileReference; lastKnownFileType = sourcecode.cpp.objcpp; name = include_juce_audio_utils.mm; path = ../../JuceLibraryCode/include_juce_audio_utils.mm; sourceTree = SOURCE_ROOT; };
		AEFAD71E779B5E61386BCD70 /* include_juce_gui_basics.mm */ /* include_juce_gui_basics.mm */ = {isa = PBXFileReference; lastKnownFileType = sourcecode.cpp.objcpp; name = include_juce_gui_basics.mm; path = ../../JuceLibraryCode/include_juce_gui_basics.mm; sourceTree = SOURCE_ROOT; };
		B8DF2B3E0A442889CD428156 /* WaveformDisplay.cpp */ /* WaveformDisplay.cpp */ = {isa = PBXFileReference; lastKnownFileType = sourcecode.cpp.cpp; name = WaveformDisplay.cpp; path = ../../Source/WaveformDisplay.cpp; sourceTree = SOURCE_ROOT; };
		BC43D4B583918DDC652DEB7B /* RecentFilesMenuTemplate.nib */ /* RecentFilesMenuTemplate.nib */ = {isa = PBXFileReference; lastKnownFileType = file.nib; name = RecentFilesMenuTemplate.nib; path = RecentFilesMenuTemplate.nib; sourceTree = SOURCE_ROOT; };
		C677BD6BFF11880E22A7E12C /* juce_audio_basics */ /* juce_audio_basics */ = {isa = PBXFileReference; lastKnownFileType = folder; name = juce_audio_basics; path = /Users/Tamer/Desktop/JUCE/modules/juce_audio_basics; sourceTree = "<absolute>"; };
		C7E354CDB2EE36298BC477F5 /* Carbon.framework */ /* Carbon.framework */ = {isa = PBXFileReference; lastKnownFileType = wrapper.framework; name = Carbon.framework; path = System/Library/Frameworks/Carbon.framework; sourceTree = SDKROOT; };
		CA3E299FF8F987EDC92AAEAF /* DiscRecording.framework */ /* DiscRecording.framework */ = {isa = PBXFileReference; lastKnownFileType = wrapper.framework; name = DiscRecording.framework; path = System/Library/Frameworks/DiscRecording.framework; sourceTree = SDKROOT; };
		CE0EAA89B888F47C2153957F /* include_juce_audio_basics.mm */ /* include_juce_audio_basics.mm */ = {isa = PBXFileReference; lastKnownFileType = sourcecode.cpp.objcpp; name = include_juce_audio_basics.mm; path = ../../JuceLibraryCode/include_juce_audio_basics.mm; sourceTree = SOURCE_ROOT; };
		D3DACD054746E83C8A9F155D /* DJAudioPlayer.cpp */ /* DJAudioPlayer.cpp */ = {isa = PBXFileReference; lastKnownFileType = sourcecode.cpp.cpp; name = DJAudioPlayer.cpp; path = ../../Source/DJAudioPlayer.cpp; sourceTree = SOURCE_ROOT; };
		D65567E3B8B8CEBD01538521 /* Accelerate.framework */ /* Accelerate.framework */ = {isa = PBXFileReference; lastKnownFileType = wrapper.framework; name = Accelerate.framework; path = System/Library/Frameworks/Accelerate.framework; sourceTree = SDKROOT; };
		E1437B03981457FDAA0263CD /* DeckGUI.cpp */ /* DeckGUI.cpp */ = {isa = PBXFileReference; lastKnownFileType = sourcecode.cpp.cpp; name = DeckGUI.cpp; path = ../../Source/DeckGUI.cpp; sourceTree = SOURCE_ROOT; };
		E7AAAC9798347B5482C03050 /* juce_graphics */ /* juce_graphics */ = {isa = PBXFileReference; lastKnownFileType = folder; name = juce_graphics; path = /Users/Tamer/Desktop/JUCE/modules/juce_graphics; sourceTree = "<absolute>"; };
		E9D395D5BF4C88B9C5767E84 /* juce_data_structures */ /* juce_data_structures */ = {isa = PBXFileReference; lastKnownFileType = folder; name = juce_data_structures; path = /Users/Tamer/Desktop/JUCE/modules/juce_data_structures; sourceTree = "<absolute>"; };
		F7C796D4387B22936373FB2A /* juce_audio_utils */ /* juce_audio_utils */ = {isa = PBXFileReference; lastKnownFileType = folder; name = juce_audio_utils; path = /Users/Tamer/Desktop/JUCE/modules/juce_audio_utils; sourceTree = "<absolute>"; };
		F8840A5E141A0B85F679B4F8 /* juce_audio_formats */ /* juce_audio_formats */ = {isa = PBXFileReference; lastKnownFileType = folder; name = juce_audio_formats; path = /Users/Tamer/Desktop/JUCE/modules/juce_audio_formats; sourceTree = "<absolute>"; };
		F8E488F7326F28ECD25D3D8A /* DJAudioPlayer.h */ /* DJAudioPlayer.h */ = {isa = PBXFileReference; lastKnownFileType = sourcecode.c.h; name = DJAudioPlayer.h; path = ../../Source/DJAudioPlayer.h; sourceTree = SOURCE_ROOT; };
		FF603DCED6213404EBA98129 /* include_juce_data_structures.mm */ /* include_juce_data_structures.mm */ = {isa = PBXFileReference; lastKnownFileType = sourcecode.cpp.objcpp; name = include_juce_data_structures.mm; path = ../../JuceLibraryCode/include_juce_data_structures.mm; sourceTree = SOURCE_ROOT; };
/* End PBXFileReference section */

/* Begin PBXFrameworksBuildPhase section */
		523B8605C7ED7E7C26B96024 = {
			isa = PBXFrameworksBuildPhase;
			buildActionMask = 2147483647;
			files = (
				584A65EE5017615484A76E62,
				E58F10BC6D378F55D80E9C5D,
				C8A398EB8D1ED3919F1A56AD,
				5270516286CBB45DE5A805E6,
				749CFDF3F7F0B30C5AC3184E,
				2C63267EA71DF1C0F233161E,
				1B1D33842FCEDC060D0035CE,
				0C71FA800C81D8EF1891E7BD,
				C9DDAB075EBB884AFDAA7011,
				9708E663756D86BDB85C6479,
				770141C0B0E8808D3F960CB5,
				5C8FC22006B8A126127E7484,
			);
			runOnlyForDeploymentPostprocessing = 0;
		};
/* End PBXFrameworksBuildPhase section */

/* Begin PBXGroup section */
		2D5170044A5240FAD292178F /* Source */ = {
			isa = PBXGroup;
			children = (
				B8DF2B3E0A442889CD428156,
				AD7D90F077FB0D760AD2B7E3,
				E1437B03981457FDAA0263CD,
				2B9D55DE382A90E8C6953C2F,
				D3DACD054746E83C8A9F155D,
				F8E488F7326F28ECD25D3D8A,
				41621202EB814893F8BA708F,
				88FF1B034B0E7E02D9D54D2F,
				A9333322D8BBF2F27ABBBE14,
			);
			name = Source;
			sourceTree = "<group>";
		};
		2FDF60E414E4A16B4D87D2EA /* Frameworks */ = {
			isa = PBXGroup;
			children = (
				D65567E3B8B8CEBD01538521,
				A2971EB859C6B5E555581B6D,
				C7E354CDB2EE36298BC477F5,
				658A8DD8B9EC4D3289916A78,
				035F2690811F871023CE471D,
				040568F7C207C68B73175FE2,
				4E28CEDC279CF6CB792D054A,
				CA3E299FF8F987EDC92AAEAF,
				078859DB59A1195CE79C5E0E,
				7EC40BA18C50EA5483D5B124,
				8D9A128735BE58CBC5A96F11,
				8F188C5EF85095BB378C92D5,
			);
			name = Frameworks;
			sourceTree = "<group>";
		};
		3560CED4480FB84FA03CA984 /* Products */ = {
			isa = PBXGroup;
			children = (
				97E08DC87C54201812357100,
			);
			name = Products;
			sourceTree = "<group>";
		};
		6EC98735567A3F12EDD2F38F /* Source */ = {
			isa = PBXGroup;
			children = (
				B208D54FF621A393B5855426,
				94CB0E3E0B8998EE5F4D06D4,
				CFC1E660D34C225501429CD1,
				C449F94DFBF488CCDA3B7AED,
				2FDF60E414E4A16B4D87D2EA,
				3560CED4480FB84FA03CA984,
			);
			name = Source;
			sourceTree = "<group>";
		};
		94CB0E3E0B8998EE5F4D06D4 /* JUCE Modules */ = {
			isa = PBXGroup;
			children = (
				C677BD6BFF11880E22A7E12C,
				53BEB637766F488200E3C48A,
				F8840A5E141A0B85F679B4F8,
				AA6BCD42F9119C5F014625FA,
				F7C796D4387B22936373FB2A,
				2B0D1EFC0462780CC6381FA3,
				E9D395D5BF4C88B9C5767E84,
				421CDD5E9D37995D6B0629CC,
				E7AAAC9798347B5482C03050,
				626820EEE99A20F7CD823319,
				8FB3B96A712E9F6901730CD8,
			);
			name = "JUCE Modules";
			sourceTree = "<group>";
		};
		B208D54FF621A393B5855426 /* OtoDecks */ = {
			isa = PBXGroup;
			children = (
				2D5170044A5240FAD292178F,
			);
			name = OtoDecks;
			sourceTree = "<group>";
		};
		C449F94DFBF488CCDA3B7AED /* Resources */ = {
			isa = PBXGroup;
			children = (
				5C7B3032478A94D37481A00F,
				BC43D4B583918DDC652DEB7B,
			);
			name = Resources;
			sourceTree = "<group>";
		};
		CFC1E660D34C225501429CD1 /* JUCE Library Code */ = {
			isa = PBXGroup;
			children = (
				CE0EAA89B888F47C2153957F,
				4325BC0D286907D96F16DCCC,
				6649C385DEB89E15D2B4896A,
				14168737971092A2562493C4,
				AE0C843A50A1B10EAB1363E5,
				11409E9520C0368FBC8161B6,
				FF603DCED6213404EBA98129,
				1B8EDB9E416FAEE4CF4CE704,
				695CEB863F52D7C5CFDE2858,
				AEFAD71E779B5E61386BCD70,
				96EBAD2E5356B0B22E0489EE,
				72234D11054DED67ED8A1D5F,
			);
			name = "JUCE Library Code";
			sourceTree = "<group>";
		};
/* End PBXGroup section */

/* Begin PBXNativeTarget section */
		2B2CDEA432F72BAA07B495DF /* OtoDecks - App */ = {
			isa = PBXNativeTarget;
			buildConfigurationList = 4A435F0E4B920A7806F69319;
			buildPhases = (
				7BF8EA4F69DD3A96B438C46D,
				09955CC6871C64591E388C5D,
				523B8605C7ED7E7C26B96024,
			);
			buildRules = (
			);
			dependencies = (
			);
			name = "OtoDecks - App";
			productName = OtoDecks;
			productReference = 97E08DC87C54201812357100;
			productType = "com.apple.product-type.application";
		};
/* End PBXNativeTarget section */

/* Begin PBXProject section */
		5A9D75BC222F867C32DF199D = {
			isa = PBXProject;
			attributes = {
				LastUpgradeCheck = 1240;
				ORGANIZATIONNAME = "";
				TargetAttributes = {
					2B2CDEA432F72BAA07B495DF = {
						SystemCapabilities = {
							com.apple.ApplicationGroups.iOS = {
								enabled = 0;
							};
							com.apple.HardenedRuntime = {
								enabled = 0;
							};
							com.apple.InAppPurchase = {
								enabled = 0;
							};
							com.apple.InterAppAudio = {
								enabled = 0;
							};
							com.apple.Push = {
								enabled = 0;
							};
							com.apple.Sandbox = {
								enabled = 0;
							};
						};
					};
				};
			};
			buildConfigurationList = 553A8AF60FDFD87B41BF5675;
			compatibilityVersion = "Xcode 3.2";
			hasScannedForEncodings = 0;
			knownRegions = (
				en,
				Base,
			);
			mainGroup = 6EC98735567A3F12EDD2F38F;
			projectDirPath = "";
			projectRoot = "";
			targets = (
				2B2CDEA432F72BAA07B495DF,
			);
		};
/* End PBXProject section */

/* Begin PBXResourcesBuildPhase section */
		7BF8EA4F69DD3A96B438C46D = {
			isa = PBXResourcesBuildPhase;
			buildActionMask = 2147483647;
			files = (
				C54A631A5FCC1C5E2441D2DB,
			);
			runOnlyForDeploymentPostprocessing = 0;
		};
/* End PBXResourcesBuildPhase section */

/* Begin PBXSourcesBuildPhase section */
		09955CC6871C64591E388C5D = {
			isa = PBXSourcesBuildPhase;
			buildActionMask = 2147483647;
			files = (
				7EE0CD9F7C009A28D45ABF40,
				2A8486B41F95331376D4B012,
				045E7A9C6C25D3289965AE4D,
				41FD4E854C63B933B19FEEFA,
				BC2237E53B721B0AF28D5217,
				4893137292AA2B5766C7365F,
				662DAAB42BBD36A8CA5B389D,
				E11352CF8001946BFCDD5FDA,
				C65BAB99812CAA66C6BAF411,
				7322D5C2B2909B76F93F59C1,
				4421A12C932DF167C1F715D3,
				6DB9EB5731536D8AFA72D078,
				51A3348E57BB7942A05EB54D,
				C6DDC9CCC59DFAC2E756F05D,
				85510AD6611AA344FE58168A,
				849805FB912A8773DAD27D07,
			);
			runOnlyForDeploymentPostprocessing = 0;
		};
/* End PBXSourcesBuildPhase section */

/* Begin XCBuildConfiguration section */
		0E16A4BE48EB94DC991BEC40 /* Debug */ = {
			isa = XCBuildConfiguration;
			buildSettings = {
				CLANG_CXX_LANGUAGE_STANDARD = "c++14";
				CLANG_CXX_LIBRARY = "libc++";
				CLANG_LINK_OBJC_RUNTIME = NO;
				CODE_SIGN_IDENTITY = "";
				COMBINE_HIDPI_IMAGES = YES;
				CONFIGURATION_BUILD_DIR = "$(PROJECT_DIR)/build/$(CONFIGURATION)";
				COPY_PHASE_STRIP = NO;
				GCC_DYNAMIC_NO_PIC = NO;
				GCC_OPTIMIZATION_LEVEL = 0;
				GCC_PREPROCESSOR_DEFINITIONS = (
					"_DEBUG=1",
					"DEBUG=1",
					"JUCE_DISPLAY_SPLASH_SCREEN=1",
					"JUCE_USE_DARK_SPLASH_SCREEN=1",
					"JUCE_PROJUCER_VERSION=0x60008",
					"JUCE_MODULE_AVAILABLE_juce_audio_basics=1",
					"JUCE_MODULE_AVAILABLE_juce_audio_devices=1",
					"JUCE_MODULE_AVAILABLE_juce_audio_formats=1",
					"JUCE_MODULE_AVAILABLE_juce_audio_processors=1",
					"JUCE_MODULE_AVAILABLE_juce_audio_utils=1",
					"JUCE_MODULE_AVAILABLE_juce_core=1",
					"JUCE_MODULE_AVAILABLE_juce_data_structures=1",
					"JUCE_MODULE_AVAILABLE_juce_events=1",
					"JUCE_MODULE_AVAILABLE_juce_graphics=1",
					"JUCE_MODULE_AVAILABLE_juce_gui_basics=1",
					"JUCE_MODULE_AVAILABLE_juce_gui_extra=1",
					"JUCE_GLOBAL_MODULE_SETTINGS_INCLUDED=1",
					"JUCE_STRICT_REFCOUNTEDPOINTER=1",
					"JUCE_STANDALONE_APPLICATION=1",
					"JUCER_XCODE_MAC_F6D2F4CF=1",
					"JUCE_APP_VERSION=1.0.0",
					"JUCE_APP_VERSION_HEX=0x10000",
					"JucePlugin_Build_VST=0",
					"JucePlugin_Build_VST3=0",
					"JucePlugin_Build_AU=0",
					"JucePlugin_Build_AUv3=0",
					"JucePlugin_Build_RTAS=0",
					"JucePlugin_Build_AAX=0",
					"JucePlugin_Build_Standalone=0",
					"JucePlugin_Build_Unity=0",
				);
				GCC_VERSION = com.apple.compilers.llvm.clang.1_0;
				HEADER_SEARCH_PATHS = (
					"$(SRCROOT)/../../JuceLibraryCode",
					"/Users/Tamer/Desktop/JUCE/modules",
					"$(inherited)",
				);
				INFOPLIST_FILE = Info-App.plist;
				INFOPLIST_PREPROCESS = NO;
				INSTALL_PATH = "$(HOME)/Applications";
				MACOSX_DEPLOYMENT_TARGET = 10.11;
				MTL_HEADER_SEARCH_PATHS = "$(SRCROOT)/../../JuceLibraryCode /Users/Tamer/Desktop/JUCE/modules";
				PRODUCT_BUNDLE_IDENTIFIER = com.yourcompany.OtoDecks;
				PRODUCT_NAME = "OtoDecks";
				USE_HEADERMAP = NO;
				VALID_ARCHS = "i386 x86_64 arm64 arm64e";
			};
			name = Debug;
		};
		AC95E6CA54E1233B4828470D /* Release */ = {
			isa = XCBuildConfiguration;
			buildSettings = {
				CLANG_CXX_LANGUAGE_STANDARD = "c++14";
				CLANG_CXX_LIBRARY = "libc++";
				CLANG_LINK_OBJC_RUNTIME = NO;
				CODE_SIGN_IDENTITY = "";
				COMBINE_HIDPI_IMAGES = YES;
				CONFIGURATION_BUILD_DIR = "$(PROJECT_DIR)/build/$(CONFIGURATION)";
				DEAD_CODE_STRIPPING = YES;
				GCC_GENERATE_DEBUGGING_SYMBOLS = NO;
				GCC_OPTIMIZATION_LEVEL = 3;
				GCC_PREPROCESSOR_DEFINITIONS = (
					"_NDEBUG=1",
					"NDEBUG=1",
					"JUCE_DISPLAY_SPLASH_SCREEN=1",
					"JUCE_USE_DARK_SPLASH_SCREEN=1",
					"JUCE_PROJUCER_VERSION=0x60008",
					"JUCE_MODULE_AVAILABLE_juce_audio_basics=1",
					"JUCE_MODULE_AVAILABLE_juce_audio_devices=1",
					"JUCE_MODULE_AVAILABLE_juce_audio_formats=1",
					"JUCE_MODULE_AVAILABLE_juce_audio_processors=1",
					"JUCE_MODULE_AVAILABLE_juce_audio_utils=1",
					"JUCE_MODULE_AVAILABLE_juce_core=1",
					"JUCE_MODULE_AVAILABLE_juce_data_structures=1",
					"JUCE_MODULE_AVAILABLE_juce_events=1",
					"JUCE_MODULE_AVAILABLE_juce_graphics=1",
					"JUCE_MODULE_AVAILABLE_juce_gui_basics=1",
					"JUCE_MODULE_AVAILABLE_juce_gui_extra=1",
					"JUCE_GLOBAL_MODULE_SETTINGS_INCLUDED=1",
					"JUCE_STRICT_REFCOUNTEDPOINTER=1",
					"JUCE_STANDALONE_APPLICATION=1",
					"JUCER_XCODE_MAC_F6D2F4CF=1",
					"JUCE_APP_VERSION=1.0.0",
					"JUCE_APP_VERSION_HEX=0x10000",
					"JucePlugin_Build_VST=0",
					"JucePlugin_Build_VST3=0",
					"JucePlugin_Build_AU=0",
					"JucePlugin_Build_AUv3=0",
					"JucePlugin_Build_RTAS=0",
					"JucePlugin_Build_AAX=0",
					"JucePlugin_Build_Standalone=0",
					"JucePlugin_Build_Unity=0",
				);
				GCC_VERSION = com.apple.compilers.llvm.clang.1_0;
				HEADER_SEARCH_PATHS = (
					"$(SRCROOT)/../../JuceLibraryCode",
					"/Users/Tamer/Desktop/JUCE/modules",
					"$(inherited)",
				);
				INFOPLIST_FILE = Info-App.plist;
				INFOPLIST_PREPROCESS = NO;
				INSTALL_PATH = "$(HOME)/Applications";
				LLVM_LTO = YES;
				MACOSX_DEPLOYMENT_TARGET = 10.11;
				MTL_HEADER_SEARCH_PATHS = "$(SRCROOT)/../../JuceLibraryCode /Users/Tamer/Desktop/JUCE/modules";
				PRODUCT_BUNDLE_IDENTIFIER = com.yourcompany.OtoDecks;
				PRODUCT_NAME = "OtoDecks";
				USE_HEADERMAP = NO;
				VALID_ARCHS = "i386 x86_64 arm64 arm64e";
			};
			name = Release;
		};
		E67AF3652FCBFC9CAD9759E9 /* Release */ = {
			isa = XCBuildConfiguration;
			buildSettings = {
				ALWAYS_SEARCH_USER_PATHS = NO;
				CLANG_ENABLE_OBJC_WEAK = YES;
				CLANG_WARN_BLOCK_CAPTURE_AUTORELEASING = YES;
				CLANG_WARN_BOOL_CONVERSION = YES;
				CLANG_WARN_COMMA = YES;
				CLANG_WARN_CONSTANT_CONVERSION = YES;
				CLANG_WARN_DEPRECATED_OBJC_IMPLEMENTATIONS = YES;
				CLANG_WARN_EMPTY_BODY = YES;
				CLANG_WARN_ENUM_CONVERSION = YES;
				CLANG_WARN_INFINITE_RECURSION = YES;
				CLANG_WARN_INT_CONVERSION = YES;
				CLANG_WARN_NON_LITERAL_NULL_CONVERSION = YES;
				CLANG_WARN_OBJC_IMPLICIT_RETAIN_SELF = YES;
				CLANG_WARN_OBJC_LITERAL_CONVERSION = YES;
				CLANG_WARN_RANGE_LOOP_ANALYSIS = YES;
				CLANG_WARN_STRICT_PROTOTYPES = YES;
				CLANG_WARN_SUSPICIOUS_MOVE = YES;
				CLANG_WARN_UNREACHABLE_CODE = YES;
				CLANG_WARN__DUPLICATE_METHOD_MATCH = YES;
				CODE_SIGN_IDENTITY = "";
				DEBUG_INFORMATION_FORMAT = dwarf;
				ENABLE_STRICT_OBJC_MSGSEND = YES;
				ENABLE_TESTABILITY = NO;
				GCC_C_LANGUAGE_STANDARD = c11;
				GCC_INLINES_ARE_PRIVATE_EXTERN = YES;
				GCC_MODEL_TUNING = G5;
				GCC_NO_COMMON_BLOCKS = YES;
				GCC_SYMBOLS_PRIVATE_EXTERN = YES;
				GCC_WARN_64_TO_32_BIT_CONVERSION = YES;
				GCC_WARN_ABOUT_RETURN_TYPE = YES;
				GCC_WARN_CHECK_SWITCH_STATEMENTS = YES;
				GCC_WARN_MISSING_PARENTHESES = YES;
				GCC_WARN_NON_VIRTUAL_DESTRUCTOR = YES;
				GCC_WARN_TYPECHECK_CALLS_TO_PRINTF = YES;
				GCC_WARN_UNDECLARED_SELECTOR = YES;
				GCC_WARN_UNINITIALIZED_AUTOS = YES;
				GCC_WARN_UNUSED_FUNCTION = YES;
				GCC_WARN_UNUSED_VARIABLE = YES;
				PRODUCT_NAME = "OtoDecks";
				SDKROOT = macosx;
				WARNING_CFLAGS = "-Wreorder";
				ZERO_LINK = NO;
			};
			name = Release;
		};
		F4253793AD271A4C163363B3 /* Debug */ = {
			isa = XCBuildConfiguration;
			buildSettings = {
				ALWAYS_SEARCH_USER_PATHS = NO;
				CLANG_ENABLE_OBJC_WEAK = YES;
				CLANG_WARN_BLOCK_CAPTURE_AUTORELEASING = YES;
				CLANG_WARN_BOOL_CONVERSION = YES;
				CLANG_WARN_COMMA = YES;
				CLANG_WARN_CONSTANT_CONVERSION = YES;
				CLANG_WARN_DEPRECATED_OBJC_IMPLEMENTATIONS = YES;
				CLANG_WARN_EMPTY_BODY = YES;
				CLANG_WARN_ENUM_CONVERSION = YES;
				CLANG_WARN_INFINITE_RECURSION = YES;
				CLANG_WARN_INT_CONVERSION = YES;
				CLANG_WARN_NON_LITERAL_NULL_CONVERSION = YES;
				CLANG_WARN_OBJC_IMPLICIT_RETAIN_SELF = YES;
				CLANG_WARN_OBJC_LITERAL_CONVERSION = YES;
				CLANG_WARN_RANGE_LOOP_ANALYSIS = YES;
				CLANG_WARN_STRICT_PROTOTYPES = YES;
				CLANG_WARN_SUSPICIOUS_MOVE = YES;
				CLANG_WARN_UNREACHABLE_CODE = YES;
				CLANG_WARN__DUPLICATE_METHOD_MATCH = YES;
				CODE_SIGN_IDENTITY = "";
				DEBUG_INFORMATION_FORMAT = dwarf;
				ENABLE_STRICT_OBJC_MSGSEND = YES;
				ENABLE_TESTABILITY = NO;
				GCC_C_LANGUAGE_STANDARD = c11;
				GCC_INLINES_ARE_PRIVATE_EXTERN = YES;
				GCC_MODEL_TUNING = G5;
				GCC_NO_COMMON_BLOCKS = YES;
				GCC_SYMBOLS_PRIVATE_EXTERN = YES;
				GCC_WARN_64_TO_32_BIT_CONVERSION = YES;
				GCC_WARN_ABOUT_RETURN_TYPE = YES;
				GCC_WARN_CHECK_SWITCH_STATEMENTS = YES;
				GCC_WARN_MISSING_PARENTHESES = YES;
				GCC_WARN_NON_VIRTUAL_DESTRUCTOR = YES;
				GCC_WARN_TYPECHECK_CALLS_TO_PRINTF = YES;
				GCC_WARN_UNDECLARED_SELECTOR = YES;
				GCC_WARN_UNINITIALIZED_AUTOS = YES;
				GCC_WARN_UNUSED_FUNCTION = YES;
				GCC_WARN_UNUSED_VARIABLE = YES;
				ONLY_ACTIVE_ARCH = YES;
				PRODUCT_NAME = "OtoDecks";
				SDKROOT = macosx;
				WARNING_CFLAGS = "-Wreorder";
				ZERO_LINK = NO;
			};
			name = Debug;
		};
/* End XCBuildConfiguration section */

/* Begin XCConfigurationList section */
		4A435F0E4B920A7806F69319 = {
			isa = XCConfigurationList;
			buildConfigurations = (
				0E16A4BE48EB94DC991BEC40,
				AC95E6CA54E1233B4828470D,
			);
			defaultConfigurationIsVisible = 0;
			defaultConfigurationName = Debug;
		};
		553A8AF60FDFD87B41BF5675 = {
			isa = XCConfigurationList;
			buildConfigurations = (
				E67AF3652FCBFC9CAD9759E9,
				F4253793AD271A4C163363B3,
			);
			defaultConfigurationIsVisible = 0;
			defaultConfigurationName = Debug;
		};
/* End XCConfigurationList section */
	};
	rootObject = 5A9D75BC222F867C32DF199D /* Project object */;
}
